
Microsoft Visual Studio Solution File, Format Version 12.00
# Visual Studio 15
VisualStudioVersion = 15.0.26124.0
MinimumVisualStudioVersion = 15.0.26124.0
Project("{FAE04EC0-301F-11D3-BF4B-00C04F79EFBC}") = "Text", "Text\Text.csproj", "{15F87C06-6CD8-40B7-B46C-714A1D4426FF}"
EndProject
Project("{FAE04EC0-301F-11D3-BF4B-00C04F79EFBC}") = "Text.Tests", "Text.Tests\Text.Tests.csproj", "{771B3E7D-7BF2-49BB-9B62-41A9080AA905}"
EndProject
Global
	GlobalSection(SolutionConfigurationPlatforms) = preSolution
		Debug|Any CPU = Debug|Any CPU
		Debug|x64 = Debug|x64
		Debug|x86 = Debug|x86
		Release|Any CPU = Release|Any CPU
		Release|x64 = Release|x64
		Release|x86 = Release|x86
	EndGlobalSection
	GlobalSection(SolutionProperties) = preSolution
		HideSolutionNode = FALSE
	EndGlobalSection
	GlobalSection(ProjectConfigurationPlatforms) = postSolution
		{15F87C06-6CD8-40B7-B46C-714A1D4426FF}.Debug|Any CPU.ActiveCfg = Debug|Any CPU
		{15F87C06-6CD8-40B7-B46C-714A1D4426FF}.Debug|Any CPU.Build.0 = Debug|Any CPU
		{15F87C06-6CD8-40B7-B46C-714A1D4426FF}.Debug|x64.ActiveCfg = Debug|Any CPU
		{15F87C06-6CD8-40B7-B46C-714A1D4426FF}.Debug|x64.Build.0 = Debug|Any CPU
		{15F87C06-6CD8-40B7-B46C-714A1D4426FF}.Debug|x86.ActiveCfg = Debug|Any CPU
		{15F87C06-6CD8-40B7-B46C-714A1D4426FF}.Debug|x86.Build.0 = Debug|Any CPU
		{15F87C06-6CD8-40B7-B46C-714A1D4426FF}.Release|Any CPU.ActiveCfg = Release|Any CPU
		{15F87C06-6CD8-40B7-B46C-714A1D4426FF}.Release|Any CPU.Build.0 = Release|Any CPU
		{15F87C06-6CD8-40B7-B46C-714A1D4426FF}.Release|x64.ActiveCfg = Release|Any CPU
		{15F87C06-6CD8-40B7-B46C-714A1D4426FF}.Release|x64.Build.0 = Release|Any CPU
		{15F87C06-6CD8-40B7-B46C-714A1D4426FF}.Release|x86.ActiveCfg = Release|Any CPU
		{15F87C06-6CD8-40B7-B46C-714A1D4426FF}.Release|x86.Build.0 = Release|Any CPU
		{771B3E7D-7BF2-49BB-9B62-41A9080AA905}.Debug|Any CPU.ActiveCfg = Debug|Any CPU
		{771B3E7D-7BF2-49BB-9B62-41A9080AA905}.Debug|Any CPU.Build.0 = Debug|Any CPU
		{771B3E7D-7BF2-49BB-9B62-41A9080AA905}.Debug|x64.ActiveCfg = Debug|Any CPU
		{771B3E7D-7BF2-49BB-9B62-41A9080AA905}.Debug|x64.Build.0 = Debug|Any CPU
		{771B3E7D-7BF2-49BB-9B62-41A9080AA905}.Debug|x86.ActiveCfg = Debug|Any CPU
		{771B3E7D-7BF2-49BB-9B62-41A9080AA905}.Debug|x86.Build.0 = Debug|Any CPU
		{771B3E7D-7BF2-49BB-9B62-41A9080AA905}.Release|Any CPU.ActiveCfg = Release|Any CPU
		{771B3E7D-7BF2-49BB-9B62-41A9080AA905}.Release|Any CPU.Build.0 = Release|Any CPU
		{771B3E7D-7BF2-49BB-9B62-41A9080AA905}.Release|x64.ActiveCfg = Release|Any CPU
		{771B3E7D-7BF2-49BB-9B62-41A9080AA905}.Release|x64.Build.0 = Release|Any CPU
		{771B3E7D-7BF2-49BB-9B62-41A9080AA905}.Release|x86.ActiveCfg = Release|Any CPU
		{771B3E7D-7BF2-49BB-9B62-41A9080AA905}.Release|x86.Build.0 = Release|Any CPU
	EndGlobalSection
EndGlobal
